
Microsoft Visual Studio Solution File, Format Version 12.00
# Visual Studio Version 17
VisualStudioVersion = 17.11.35222.181
MinimumVisualStudioVersion = 10.0.40219.1
Project("{2150E333-8FDC-42A3-9474-1A3956D46DE8}") = "Task0", "Task0", "{2EFBCEBC-31EF-4661-A15D-269D24C863D8}"
EndProject
Project("{9A19103F-16F7-4668-BE54-9A1E7A4F7556}") = "Tyuiu.IvanovPG.Sprint5.Task0.V14", "Tyuiu.IvanovPG.Sprint5.Task0.V14\Tyuiu.IvanovPG.Sprint5.Task0.V14.csproj", "{7CBF78D3-0DE3-41B9-ACE5-D4EA9C5E5DBC}"
EndProject
Project("{9A19103F-16F7-4668-BE54-9A1E7A4F7556}") = "Tyuiu.IvanovPG.Sprint5.Task0.V14.Lib", "Tyuiu.IvanovPG.Sprint5.Task0.V14.Lib\Tyuiu.IvanovPG.Sprint5.Task0.V14.Lib.csproj", "{19A84039-6D7B-4471-BB77-356A74FD0CC5}"
EndProject
Project("{9A19103F-16F7-4668-BE54-9A1E7A4F7556}") = "Tyuiu.IvanovPG.Sprint5.Task0.V14.Test", "Tyuiu.IvanovPG.Sprint5.Task0.V14.Test\Tyuiu.IvanovPG.Sprint5.Task0.V14.Test.csproj", "{F88B187A-7EF0-43F7-9685-307963E63EDC}"
EndProject
Project("{2150E333-8FDC-42A3-9474-1A3956D46DE8}") = "Task1", "Task1", "{6AAE43B7-2D7A-488D-B5C3-6DB99223F1BA}"
EndProject
Project("{9A19103F-16F7-4668-BE54-9A1E7A4F7556}") = "Tyuiu.IvanovPG.Sprint5.Task1.V21", "Tyuiu.IvanovPG.Sprint5.Task1.V21\Tyuiu.IvanovPG.Sprint5.Task1.V21.csproj", "{E2C6CBBC-D194-4CE9-975E-F40156E3B16C}"
EndProject
Project("{9A19103F-16F7-4668-BE54-9A1E7A4F7556}") = "Tyuiu.IvanovPG.Sprint5.Task1.V21.Lib", "Tyuiu.IvanovPG.Sprint5.Task1.V21.Lib\Tyuiu.IvanovPG.Sprint5.Task1.V21.Lib.csproj", "{1CC5C4D6-1138-4A41-9AFC-830B931040E0}"
EndProject
Project("{9A19103F-16F7-4668-BE54-9A1E7A4F7556}") = "Tyuiu.IvanovPG.Sprint5.Task1.V21.Test", "Tyuiu.IvanovPG.Sprint5.Task1.V21.Test\Tyuiu.IvanovPG.Sprint5.Task1.V21.Test.csproj", "{FF9F0C72-7CD2-48B0-9794-14C19AE14366}"
EndProject
Project("{2150E333-8FDC-42A3-9474-1A3956D46DE8}") = "Task2", "Task2", "{B98E5121-085E-408D-9F75-B641EB6660D5}"
EndProject
Project("{9A19103F-16F7-4668-BE54-9A1E7A4F7556}") = "Tyuiu.IvanovPG.Sprint5.Task2.V20", "Tyuiu.IvanovPG.Sprint5.Task2.V20\Tyuiu.IvanovPG.Sprint5.Task2.V20.csproj", "{0E8127B9-7D5C-44F1-A208-C3DB0FFC3DEA}"
EndProject
Project("{9A19103F-16F7-4668-BE54-9A1E7A4F7556}") = "Tyuiu.IvanovPG.Sprint5.Task2.V20.Lib", "Tyuiu.IvanovPG.Sprint5.Task2.V20.Lib\Tyuiu.IvanovPG.Sprint5.Task2.V20.Lib.csproj", "{E667589C-9324-4DD1-8903-0541A9CF55E8}"
EndProject
Project("{9A19103F-16F7-4668-BE54-9A1E7A4F7556}") = "Tyuiu.IvanovPG.Sprint5.Task2.V20.Test", "Tyuiu.IvanovPG.Sprint5.Task2.V20.Test\Tyuiu.IvanovPG.Sprint5.Task2.V20.Test.csproj", "{2A9D0544-8A9D-4D28-B4C9-671DD0E016D5}"
EndProject
Project("{2150E333-8FDC-42A3-9474-1A3956D46DE8}") = "Task3", "Task3", "{B8DF4E52-FAE3-4EB3-89DB-767301C55C48}"
EndProject
Project("{9A19103F-16F7-4668-BE54-9A1E7A4F7556}") = "Tyuiu.IvanovPG.Sprint5.Task3.V12", "Tyuiu.IvanovPG.Sprint5.Task3.V12\Tyuiu.IvanovPG.Sprint5.Task3.V12.csproj", "{8F437342-87A3-4C11-A82C-A6CF0E92543C}"
EndProject
Project("{9A19103F-16F7-4668-BE54-9A1E7A4F7556}") = "Tyuiu.IvanovPG.Sprint5.Task3.V12.Lib", "Tyuiu.IvanovPG.Sprint5.Task3.V12.Lib\Tyuiu.IvanovPG.Sprint5.Task3.V12.Lib.csproj", "{47BD1CC8-2D83-45B7-910C-3E179EAD64BD}"
EndProject
Project("{9A19103F-16F7-4668-BE54-9A1E7A4F7556}") = "Tyuiu.IvanovPG.Sprint5.Task3.V12.Test", "Tyuiu.IvanovPG.Sprint5.Task3.V12.Test\Tyuiu.IvanovPG.Sprint5.Task3.V12.Test.csproj", "{BCD5CCE8-A678-4E69-8142-A2ACC1C40E23}"
EndProject
Project("{2150E333-8FDC-42A3-9474-1A3956D46DE8}") = "Task4", "Task4", "{928F96AA-A262-4C83-B08B-E6ED9FC1CA3A}"
EndProject
Project("{9A19103F-16F7-4668-BE54-9A1E7A4F7556}") = "Tyuiu.IvanovPG.Sprint5.Task4.V23", "Tyuiu.IvanovPG.Sprint5.Task4.V23\Tyuiu.IvanovPG.Sprint5.Task4.V23.csproj", "{EA707412-0207-49CB-AD52-AD4FE811414A}"
EndProject
Project("{9A19103F-16F7-4668-BE54-9A1E7A4F7556}") = "Tyuiu.IvanovPG.Sprint5.Task4.V23.Lib", "Tyuiu.IvanovPG.Sprint5.Task4.V23.Lib\Tyuiu.IvanovPG.Sprint5.Task4.V23.Lib.csproj", "{608A5208-11F7-440C-A5A2-CC1607172BDE}"
EndProject
Project("{9A19103F-16F7-4668-BE54-9A1E7A4F7556}") = "Tyuiu.IvanovPG.Sprint5.Task4.V23.Test", "Tyuiu.IvanovPG.Sprint5.Task4.V23.Test\Tyuiu.IvanovPG.Sprint5.Task4.V23.Test.csproj", "{4B2053DF-706B-4ABA-896D-21AD7BAD288A}"
EndProject
Project("{2150E333-8FDC-42A3-9474-1A3956D46DE8}") = "Task5", "Task5", "{D659E996-FB59-4694-BAD1-B31AE8191F30}"
EndProject
Project("{9A19103F-16F7-4668-BE54-9A1E7A4F7556}") = "Tyuiu.IvanovPG.Sprint5.Task5.V24", "Tyuiu.IvanovPG.Sprint5.Task5.V24\Tyuiu.IvanovPG.Sprint5.Task5.V24.csproj", "{C7CADE6A-C561-47FD-B44C-8D3DB55D9DBA}"
EndProject
Project("{9A19103F-16F7-4668-BE54-9A1E7A4F7556}") = "Tyuiu.IvanovPG.Sprint5.Task5.V24.Lib", "Tyuiu.IvanovPG.Sprint5.Task5.V24.Lib\Tyuiu.IvanovPG.Sprint5.Task5.V24.Lib.csproj", "{EAC46DA0-9598-48E9-AE22-09EF457448B2}"
EndProject
Project("{9A19103F-16F7-4668-BE54-9A1E7A4F7556}") = "Tyuiu.IvanovPG.Sprint5.Task5.V24.Test", "Tyuiu.IvanovPG.Sprint5.Task5.V24.Test\Tyuiu.IvanovPG.Sprint5.Task5.V24.Test.csproj", "{D274D03C-3EFE-4AF0-BE99-D1E998D573D1}"
EndProject
Project("{2150E333-8FDC-42A3-9474-1A3956D46DE8}") = "Task6", "Task6", "{D9999A90-3B8D-478B-8023-9FDD97E81E4B}"
EndProject
Project("{2150E333-8FDC-42A3-9474-1A3956D46DE8}") = "Task7", "Task7", "{22D005E9-FC3C-43FE-803B-19520A70FC77}"
EndProject
Project("{FAE04EC0-301F-11D3-BF4B-00C04F79EFBC}") = "Tyuiu.IvanovPG.Sprint5.Task6.V10", "Tyuiu.IvanovPG.Sprint5.Task6.V10\Tyuiu.IvanovPG.Sprint5.Task6.V10.csproj", "{F9B41417-C837-4090-9EFE-F6EFED2414D1}"
EndProject
Project("{FAE04EC0-301F-11D3-BF4B-00C04F79EFBC}") = "Tyuiu.IvanovPG.Sprint5.Task6.V10.Lib", "Tyuiu.IvanovPG.Sprint5.Task6.V10.Lib\Tyuiu.IvanovPG.Sprint5.Task6.V10.Lib.csproj", "{568DB631-E4B3-4588-B88F-B1703879D9C7}"
EndProject
Project("{FAE04EC0-301F-11D3-BF4B-00C04F79EFBC}") = "Tyuiu.IvanovPG.Sprint5.Task6.V10.Test", "Tyuiu.IvanovPG.Sprint5.Task6.V10.Test\Tyuiu.IvanovPG.Sprint5.Task6.V10.Test.csproj", "{73396CD1-7E62-4371-9A8E-198B5C25F35D}"
EndProject
Project("{FAE04EC0-301F-11D3-BF4B-00C04F79EFBC}") = "Tyuiu.IvanovPG.Sprint5.Task7.V5", "Tyuiu.IvanovPG.Sprint5.Task7.V5\Tyuiu.IvanovPG.Sprint5.Task7.V5.csproj", "{6D064552-A2F8-41E7-AD54-C8605BF914DD}"
EndProject
Project("{FAE04EC0-301F-11D3-BF4B-00C04F79EFBC}") = "Tyuiu.IvanovPG.Sprint5.Task7.V5.Lib", "Tyuiu.IvanovPG.Sprint5.Task7.V5.Lib\Tyuiu.IvanovPG.Sprint5.Task7.V5.Lib.csproj", "{2977C566-3955-45BB-AB26-319F2B9EB4AB}"
EndProject
Project("{FAE04EC0-301F-11D3-BF4B-00C04F79EFBC}") = "Tyuiu.IvanovPG.Sprint5.Task7.V5.Test", "Tyuiu.IvanovPG.Sprint5.Task7.V5.Test\Tyuiu.IvanovPG.Sprint5.Task7.V5.Test.csproj", "{10B6E4D0-E211-4249-8663-4FFA0E2BC8D0}"
EndProject
Global
	GlobalSection(SolutionConfigurationPlatforms) = preSolution
		Debug|Any CPU = Debug|Any CPU
		Release|Any CPU = Release|Any CPU
	EndGlobalSection
	GlobalSection(ProjectConfigurationPlatforms) = postSolution
		{7CBF78D3-0DE3-41B9-ACE5-D4EA9C5E5DBC}.Debug|Any CPU.ActiveCfg = Debug|Any CPU
		{7CBF78D3-0DE3-41B9-ACE5-D4EA9C5E5DBC}.Debug|Any CPU.Build.0 = Debug|Any CPU
		{7CBF78D3-0DE3-41B9-ACE5-D4EA9C5E5DBC}.Release|Any CPU.ActiveCfg = Release|Any CPU
		{7CBF78D3-0DE3-41B9-ACE5-D4EA9C5E5DBC}.Release|Any CPU.Build.0 = Release|Any CPU
		{19A84039-6D7B-4471-BB77-356A74FD0CC5}.Debug|Any CPU.ActiveCfg = Debug|Any CPU
		{19A84039-6D7B-4471-BB77-356A74FD0CC5}.Debug|Any CPU.Build.0 = Debug|Any CPU
		{19A84039-6D7B-4471-BB77-356A74FD0CC5}.Release|Any CPU.ActiveCfg = Release|Any CPU
		{19A84039-6D7B-4471-BB77-356A74FD0CC5}.Release|Any CPU.Build.0 = Release|Any CPU
		{F88B187A-7EF0-43F7-9685-307963E63EDC}.Debug|Any CPU.ActiveCfg = Debug|Any CPU
		{F88B187A-7EF0-43F7-9685-307963E63EDC}.Debug|Any CPU.Build.0 = Debug|Any CPU
		{F88B187A-7EF0-43F7-9685-307963E63EDC}.Release|Any CPU.ActiveCfg = Release|Any CPU
		{F88B187A-7EF0-43F7-9685-307963E63EDC}.Release|Any CPU.Build.0 = Release|Any CPU
		{E2C6CBBC-D194-4CE9-975E-F40156E3B16C}.Debug|Any CPU.ActiveCfg = Debug|Any CPU
		{E2C6CBBC-D194-4CE9-975E-F40156E3B16C}.Debug|Any CPU.Build.0 = Debug|Any CPU
		{E2C6CBBC-D194-4CE9-975E-F40156E3B16C}.Release|Any CPU.ActiveCfg = Release|Any CPU
		{E2C6CBBC-D194-4CE9-975E-F40156E3B16C}.Release|Any CPU.Build.0 = Release|Any CPU
		{1CC5C4D6-1138-4A41-9AFC-830B931040E0}.Debug|Any CPU.ActiveCfg = Debug|Any CPU
		{1CC5C4D6-1138-4A41-9AFC-830B931040E0}.Debug|Any CPU.Build.0 = Debug|Any CPU
		{1CC5C4D6-1138-4A41-9AFC-830B931040E0}.Release|Any CPU.ActiveCfg = Release|Any CPU
		{1CC5C4D6-1138-4A41-9AFC-830B931040E0}.Release|Any CPU.Build.0 = Release|Any CPU
		{FF9F0C72-7CD2-48B0-9794-14C19AE14366}.Debug|Any CPU.ActiveCfg = Debug|Any CPU
		{FF9F0C72-7CD2-48B0-9794-14C19AE14366}.Debug|Any CPU.Build.0 = Debug|Any CPU
		{FF9F0C72-7CD2-48B0-9794-14C19AE14366}.Release|Any CPU.ActiveCfg = Release|Any CPU
		{FF9F0C72-7CD2-48B0-9794-14C19AE14366}.Release|Any CPU.Build.0 = Release|Any CPU
		{0E8127B9-7D5C-44F1-A208-C3DB0FFC3DEA}.Debug|Any CPU.ActiveCfg = Debug|Any CPU
		{0E8127B9-7D5C-44F1-A208-C3DB0FFC3DEA}.Debug|Any CPU.Build.0 = Debug|Any CPU
		{0E8127B9-7D5C-44F1-A208-C3DB0FFC3DEA}.Release|Any CPU.ActiveCfg = Release|Any CPU
		{0E8127B9-7D5C-44F1-A208-C3DB0FFC3DEA}.Release|Any CPU.Build.0 = Release|Any CPU
		{E667589C-9324-4DD1-8903-0541A9CF55E8}.Debug|Any CPU.ActiveCfg = Debug|Any CPU
		{E667589C-9324-4DD1-8903-0541A9CF55E8}.Debug|Any CPU.Build.0 = Debug|Any CPU
		{E667589C-9324-4DD1-8903-0541A9CF55E8}.Release|Any CPU.ActiveCfg = Release|Any CPU
		{E667589C-9324-4DD1-8903-0541A9CF55E8}.Release|Any CPU.Build.0 = Release|Any CPU
		{2A9D0544-8A9D-4D28-B4C9-671DD0E016D5}.Debug|Any CPU.ActiveCfg = Debug|Any CPU
		{2A9D0544-8A9D-4D28-B4C9-671DD0E016D5}.Debug|Any CPU.Build.0 = Debug|Any CPU
		{2A9D0544-8A9D-4D28-B4C9-671DD0E016D5}.Release|Any CPU.ActiveCfg = Release|Any CPU
		{2A9D0544-8A9D-4D28-B4C9-671DD0E016D5}.Release|Any CPU.Build.0 = Release|Any CPU
		{8F437342-87A3-4C11-A82C-A6CF0E92543C}.Debug|Any CPU.ActiveCfg = Debug|Any CPU
		{8F437342-87A3-4C11-A82C-A6CF0E92543C}.Debug|Any CPU.Build.0 = Debug|Any CPU
		{8F437342-87A3-4C11-A82C-A6CF0E92543C}.Release|Any CPU.ActiveCfg = Release|Any CPU
		{8F437342-87A3-4C11-A82C-A6CF0E92543C}.Release|Any CPU.Build.0 = Release|Any CPU
		{47BD1CC8-2D83-45B7-910C-3E179EAD64BD}.Debug|Any CPU.ActiveCfg = Debug|Any CPU
		{47BD1CC8-2D83-45B7-910C-3E179EAD64BD}.Debug|Any CPU.Build.0 = Debug|Any CPU
		{47BD1CC8-2D83-45B7-910C-3E179EAD64BD}.Release|Any CPU.ActiveCfg = Release|Any CPU
		{47BD1CC8-2D83-45B7-910C-3E179EAD64BD}.Release|Any CPU.Build.0 = Release|Any CPU
		{BCD5CCE8-A678-4E69-8142-A2ACC1C40E23}.Debug|Any CPU.ActiveCfg = Debug|Any CPU
		{BCD5CCE8-A678-4E69-8142-A2ACC1C40E23}.Debug|Any CPU.Build.0 = Debug|Any CPU
		{BCD5CCE8-A678-4E69-8142-A2ACC1C40E23}.Release|Any CPU.ActiveCfg = Release|Any CPU
		{BCD5CCE8-A678-4E69-8142-A2ACC1C40E23}.Release|Any CPU.Build.0 = Release|Any CPU
		{EA707412-0207-49CB-AD52-AD4FE811414A}.Debug|Any CPU.ActiveCfg = Debug|Any CPU
		{EA707412-0207-49CB-AD52-AD4FE811414A}.Debug|Any CPU.Build.0 = Debug|Any CPU
		{EA707412-0207-49CB-AD52-AD4FE811414A}.Release|Any CPU.ActiveCfg = Release|Any CPU
		{EA707412-0207-49CB-AD52-AD4FE811414A}.Release|Any CPU.Build.0 = Release|Any CPU
		{608A5208-11F7-440C-A5A2-CC1607172BDE}.Debug|Any CPU.ActiveCfg = Debug|Any CPU
		{608A5208-11F7-440C-A5A2-CC1607172BDE}.Debug|Any CPU.Build.0 = Debug|Any CPU
		{608A5208-11F7-440C-A5A2-CC1607172BDE}.Release|Any CPU.ActiveCfg = Release|Any CPU
		{608A5208-11F7-440C-A5A2-CC1607172BDE}.Release|Any CPU.Build.0 = Release|Any CPU
		{4B2053DF-706B-4ABA-896D-21AD7BAD288A}.Debug|Any CPU.ActiveCfg = Debug|Any CPU
		{4B2053DF-706B-4ABA-896D-21AD7BAD288A}.Debug|Any CPU.Build.0 = Debug|Any CPU
		{4B2053DF-706B-4ABA-896D-21AD7BAD288A}.Release|Any CPU.ActiveCfg = Release|Any CPU
		{4B2053DF-706B-4ABA-896D-21AD7BAD288A}.Release|Any CPU.Build.0 = Release|Any CPU
		{C7CADE6A-C561-47FD-B44C-8D3DB55D9DBA}.Debug|Any CPU.ActiveCfg = Debug|Any CPU
		{C7CADE6A-C561-47FD-B44C-8D3DB55D9DBA}.Debug|Any CPU.Build.0 = Debug|Any CPU
		{C7CADE6A-C561-47FD-B44C-8D3DB55D9DBA}.Release|Any CPU.ActiveCfg = Release|Any CPU
		{C7CADE6A-C561-47FD-B44C-8D3DB55D9DBA}.Release|Any CPU.Build.0 = Release|Any CPU
		{EAC46DA0-9598-48E9-AE22-09EF457448B2}.Debug|Any CPU.ActiveCfg = Debug|Any CPU
		{EAC46DA0-9598-48E9-AE22-09EF457448B2}.Debug|Any CPU.Build.0 = Debug|Any CPU
		{EAC46DA0-9598-48E9-AE22-09EF457448B2}.Release|Any CPU.ActiveCfg = Release|Any CPU
		{EAC46DA0-9598-48E9-AE22-09EF457448B2}.Release|Any CPU.Build.0 = Release|Any CPU
		{D274D03C-3EFE-4AF0-BE99-D1E998D573D1}.Debug|Any CPU.ActiveCfg = Debug|Any CPU
		{D274D03C-3EFE-4AF0-BE99-D1E998D573D1}.Debug|Any CPU.Build.0 = Debug|Any CPU
		{D274D03C-3EFE-4AF0-BE99-D1E998D573D1}.Release|Any CPU.ActiveCfg = Release|Any CPU
		{D274D03C-3EFE-4AF0-BE99-D1E998D573D1}.Release|Any CPU.Build.0 = Release|Any CPU
		{F9B41417-C837-4090-9EFE-F6EFED2414D1}.Debug|Any CPU.ActiveCfg = Debug|Any CPU
		{F9B41417-C837-4090-9EFE-F6EFED2414D1}.Debug|Any CPU.Build.0 = Debug|Any CPU
		{F9B41417-C837-4090-9EFE-F6EFED2414D1}.Release|Any CPU.ActiveCfg = Release|Any CPU
		{F9B41417-C837-4090-9EFE-F6EFED2414D1}.Release|Any CPU.Build.0 = Release|Any CPU
		{568DB631-E4B3-4588-B88F-B1703879D9C7}.Debug|Any CPU.ActiveCfg = Debug|Any CPU
		{568DB631-E4B3-4588-B88F-B1703879D9C7}.Debug|Any CPU.Build.0 = Debug|Any CPU
		{568DB631-E4B3-4588-B88F-B1703879D9C7}.Release|Any CPU.ActiveCfg = Release|Any CPU
		{568DB631-E4B3-4588-B88F-B1703879D9C7}.Release|Any CPU.Build.0 = Release|Any CPU
		{73396CD1-7E62-4371-9A8E-198B5C25F35D}.Debug|Any CPU.ActiveCfg = Debug|Any CPU
		{73396CD1-7E62-4371-9A8E-198B5C25F35D}.Debug|Any CPU.Build.0 = Debug|Any CPU
		{73396CD1-7E62-4371-9A8E-198B5C25F35D}.Release|Any CPU.ActiveCfg = Release|Any CPU
		{73396CD1-7E62-4371-9A8E-198B5C25F35D}.Release|Any CPU.Build.0 = Release|Any CPU
		{6D064552-A2F8-41E7-AD54-C8605BF914DD}.Debug|Any CPU.ActiveCfg = Debug|Any CPU
		{6D064552-A2F8-41E7-AD54-C8605BF914DD}.Debug|Any CPU.Build.0 = Debug|Any CPU
		{6D064552-A2F8-41E7-AD54-C8605BF914DD}.Release|Any CPU.ActiveCfg = Release|Any CPU
		{6D064552-A2F8-41E7-AD54-C8605BF914DD}.Release|Any CPU.Build.0 = Release|Any CPU
		{2977C566-3955-45BB-AB26-319F2B9EB4AB}.Debug|Any CPU.ActiveCfg = Debug|Any CPU
		{2977C566-3955-45BB-AB26-319F2B9EB4AB}.Debug|Any CPU.Build.0 = Debug|Any CPU
		{2977C566-3955-45BB-AB26-319F2B9EB4AB}.Release|Any CPU.ActiveCfg = Release|Any CPU
		{2977C566-3955-45BB-AB26-319F2B9EB4AB}.Release|Any CPU.Build.0 = Release|Any CPU
		{10B6E4D0-E211-4249-8663-4FFA0E2BC8D0}.Debug|Any CPU.ActiveCfg = Debug|Any CPU
		{10B6E4D0-E211-4249-8663-4FFA0E2BC8D0}.Debug|Any CPU.Build.0 = Debug|Any CPU
		{10B6E4D0-E211-4249-8663-4FFA0E2BC8D0}.Release|Any CPU.ActiveCfg = Release|Any CPU
		{10B6E4D0-E211-4249-8663-4FFA0E2BC8D0}.Release|Any CPU.Build.0 = Release|Any CPU
	EndGlobalSection
	GlobalSection(SolutionProperties) = preSolution
		HideSolutionNode = FALSE
	EndGlobalSection
	GlobalSection(NestedProjects) = preSolution
		{7CBF78D3-0DE3-41B9-ACE5-D4EA9C5E5DBC} = {2EFBCEBC-31EF-4661-A15D-269D24C863D8}
		{19A84039-6D7B-4471-BB77-356A74FD0CC5} = {2EFBCEBC-31EF-4661-A15D-269D24C863D8}
		{F88B187A-7EF0-43F7-9685-307963E63EDC} = {2EFBCEBC-31EF-4661-A15D-269D24C863D8}
		{E2C6CBBC-D194-4CE9-975E-F40156E3B16C} = {6AAE43B7-2D7A-488D-B5C3-6DB99223F1BA}
		{1CC5C4D6-1138-4A41-9AFC-830B931040E0} = {6AAE43B7-2D7A-488D-B5C3-6DB99223F1BA}
		{FF9F0C72-7CD2-48B0-9794-14C19AE14366} = {6AAE43B7-2D7A-488D-B5C3-6DB99223F1BA}
		{0E8127B9-7D5C-44F1-A208-C3DB0FFC3DEA} = {B98E5121-085E-408D-9F75-B641EB6660D5}
		{E667589C-9324-4DD1-8903-0541A9CF55E8} = {B98E5121-085E-408D-9F75-B641EB6660D5}
		{2A9D0544-8A9D-4D28-B4C9-671DD0E016D5} = {B98E5121-085E-408D-9F75-B641EB6660D5}
		{8F437342-87A3-4C11-A82C-A6CF0E92543C} = {B8DF4E52-FAE3-4EB3-89DB-767301C55C48}
		{47BD1CC8-2D83-45B7-910C-3E179EAD64BD} = {B8DF4E52-FAE3-4EB3-89DB-767301C55C48}
		{BCD5CCE8-A678-4E69-8142-A2ACC1C40E23} = {B8DF4E52-FAE3-4EB3-89DB-767301C55C48}
		{EA707412-0207-49CB-AD52-AD4FE811414A} = {928F96AA-A262-4C83-B08B-E6ED9FC1CA3A}
		{608A5208-11F7-440C-A5A2-CC1607172BDE} = {928F96AA-A262-4C83-B08B-E6ED9FC1CA3A}
		{4B2053DF-706B-4ABA-896D-21AD7BAD288A} = {928F96AA-A262-4C83-B08B-E6ED9FC1CA3A}
		{C7CADE6A-C561-47FD-B44C-8D3DB55D9DBA} = {D659E996-FB59-4694-BAD1-B31AE8191F30}
		{EAC46DA0-9598-48E9-AE22-09EF457448B2} = {D659E996-FB59-4694-BAD1-B31AE8191F30}
		{D274D03C-3EFE-4AF0-BE99-D1E998D573D1} = {D659E996-FB59-4694-BAD1-B31AE8191F30}
		{F9B41417-C837-4090-9EFE-F6EFED2414D1} = {D9999A90-3B8D-478B-8023-9FDD97E81E4B}
		{568DB631-E4B3-4588-B88F-B1703879D9C7} = {D9999A90-3B8D-478B-8023-9FDD97E81E4B}
		{73396CD1-7E62-4371-9A8E-198B5C25F35D} = {D9999A90-3B8D-478B-8023-9FDD97E81E4B}
		{6D064552-A2F8-41E7-AD54-C8605BF914DD} = {22D005E9-FC3C-43FE-803B-19520A70FC77}
		{2977C566-3955-45BB-AB26-319F2B9EB4AB} = {22D005E9-FC3C-43FE-803B-19520A70FC77}
		{10B6E4D0-E211-4249-8663-4FFA0E2BC8D0} = {22D005E9-FC3C-43FE-803B-19520A70FC77}
	EndGlobalSection
	GlobalSection(ExtensibilityGlobals) = postSolution
		SolutionGuid = {271E6B19-AD8B-4CA9-ABC1-A8B81160C974}
	EndGlobalSection
EndGlobal
